
Microsoft Visual Studio Solution File, Format Version 12.00
# Visual Studio 2015
Project("{FAE04EC0-301F-11D3-BF4B-00C04F79EFBC}") = "araba_park", "araba_park.csproj", "{4AFD49BB-11DD-F7F2-9863-12B1958D7A6F}"
EndProject
Project("{FAE04EC0-301F-11D3-BF4B-00C04F79EFBC}") = "araba_park.Editor", "araba_park.Editor.csproj", "{B1E88C2E-845D-6F51-D533-81E0D3310E5B}"
EndProject
Global
	GlobalSection(SolutionConfigurationPlatforms) = preSolution
		Debug|Any CPU = Debug|Any CPU
		Release|Any CPU = Release|Any CPU
	EndGlobalSection
	GlobalSection(ProjectConfigurationPlatforms) = postSolution
		{4AFD49BB-11DD-F7F2-9863-12B1958D7A6F}.Debug|Any CPU.ActiveCfg = Debug|Any CPU
		{4AFD49BB-11DD-F7F2-9863-12B1958D7A6F}.Debug|Any CPU.Build.0 = Debug|Any CPU
		{4AFD49BB-11DD-F7F2-9863-12B1958D7A6F}.Release|Any CPU.ActiveCfg = Release|Any CPU
		{4AFD49BB-11DD-F7F2-9863-12B1958D7A6F}.Release|Any CPU.Build.0 = Release|Any CPU
		{B1E88C2E-845D-6F51-D533-81E0D3310E5B}.Debug|Any CPU.ActiveCfg = Debug|Any CPU
		{B1E88C2E-845D-6F51-D533-81E0D3310E5B}.Debug|Any CPU.Build.0 = Debug|Any CPU
		{B1E88C2E-845D-6F51-D533-81E0D3310E5B}.Release|Any CPU.ActiveCfg = Release|Any CPU
		{B1E88C2E-845D-6F51-D533-81E0D3310E5B}.Release|Any CPU.Build.0 = Release|Any CPU
	EndGlobalSection
	GlobalSection(SolutionProperties) = preSolution
		HideSolutionNode = FALSE
	EndGlobalSection
EndGlobal
